
Microsoft Visual Studio Solution File, Format Version 11.00
# Visual Studio 2010
Project("{FAE04EC0-301F-11D3-BF4B-00C04F79EFBC}") = "TransformationTeam", "Assembly-CSharp.csproj", "{B3AED172-948D-E9A8-F99C-F88957E8E0F8}"
EndProject
Project("{FAE04EC0-301F-11D3-BF4B-00C04F79EFBC}") = "TransformationTeam", "Assembly-CSharp-Editor.csproj", "{067E55B8-5669-83E1-FAA5-B67ED979424B}"
EndProject
Global
	GlobalSection(SolutionConfigurationPlatforms) = preSolution
		Debug|Any CPU = Debug|Any CPU
		Release|Any CPU = Release|Any CPU
	EndGlobalSection
	GlobalSection(ProjectConfigurationPlatforms) = postSolution
		{B3AED172-948D-E9A8-F99C-F88957E8E0F8}.Debug|Any CPU.ActiveCfg = Debug|Any CPU
		{B3AED172-948D-E9A8-F99C-F88957E8E0F8}.Debug|Any CPU.Build.0 = Debug|Any CPU
		{B3AED172-948D-E9A8-F99C-F88957E8E0F8}.Release|Any CPU.ActiveCfg = Release|Any CPU
		{B3AED172-948D-E9A8-F99C-F88957E8E0F8}.Release|Any CPU.Build.0 = Release|Any CPU
		{067E55B8-5669-83E1-FAA5-B67ED979424B}.Debug|Any CPU.ActiveCfg = Debug|Any CPU
		{067E55B8-5669-83E1-FAA5-B67ED979424B}.Debug|Any CPU.Build.0 = Debug|Any CPU
		{067E55B8-5669-83E1-FAA5-B67ED979424B}.Release|Any CPU.ActiveCfg = Release|Any CPU
		{067E55B8-5669-83E1-FAA5-B67ED979424B}.Release|Any CPU.Build.0 = Release|Any CPU
	EndGlobalSection
	GlobalSection(SolutionProperties) = preSolution
		HideSolutionNode = FALSE
	EndGlobalSection
	GlobalSection(MonoDevelopProperties) = preSolution
		StartupItem = Assembly-CSharp.csproj
	EndGlobalSection
EndGlobal
